// !$*UTF8*$!
{
	archiveVersion = 1;
	classes = {
	};
	objectVersion = 55;
	objects = {

/* Begin PBXBuildFile section */
		57ED6BB527733A1900D0219E /* AppDelegate.swift in Sources */ = {isa = PBXBuildFile; fileRef = 57ED6BB427733A1900D0219E /* AppDelegate.swift */; };
		57ED6BBD27733A1900D0219E /* GameViewController.swift in Sources */ = {isa = PBXBuildFile; fileRef = 57ED6BBC27733A1900D0219E /* GameViewController.swift */; };
		57ED6BC027733A1900D0219E /* Main.storyboard in Resources */ = {isa = PBXBuildFile; fileRef = 57ED6BBE27733A1900D0219E /* Main.storyboard */; };
		57ED6BC227733A1A00D0219E /* Assets.xcassets in Resources */ = {isa = PBXBuildFile; fileRef = 57ED6BC127733A1A00D0219E /* Assets.xcassets */; };
		57ED6BC527733A1A00D0219E /* LaunchScreen.storyboard in Resources */ = {isa = PBXBuildFile; fileRef = 57ED6BC327733A1A00D0219E /* LaunchScreen.storyboard */; };
		57ED6BCC27733B8F00D0219E /* StageScene.sks in Resources */ = {isa = PBXBuildFile; fileRef = 57ED6BCB27733B8F00D0219E /* StageScene.sks */; };
		57ED6BCE2773408700D0219E /* StageScene.swift in Sources */ = {isa = PBXBuildFile; fileRef = 57ED6BCD2773408700D0219E /* StageScene.swift */; };
		57ED6BD02773422300D0219E /* MyScene.sks in Resources */ = {isa = PBXBuildFile; fileRef = 57ED6BCF2773422300D0219E /* MyScene.sks */; };
		57ED6BD2277344DA00D0219E /* Duck.swift in Sources */ = {isa = PBXBuildFile; fileRef = 57ED6BD1277344DA00D0219E /* Duck.swift */; };
		57ED6BD4277368D800D0219E /* Target.swift in Sources */ = {isa = PBXBuildFile; fileRef = 57ED6BD3277368D800D0219E /* Target.swift */; };
		57ED6BD62774131300D0219E /* FireButton.swift in Sources */ = {isa = PBXBuildFile; fileRef = 57ED6BD52774131300D0219E /* FireButton.swift */; };
		57ED6BD8277413C200D0219E /* Texture.swift in Sources */ = {isa = PBXBuildFile; fileRef = 57ED6BD7277413C200D0219E /* Texture.swift */; };
		57ED6BDF277434A900D0219E /* Bullet.swift in Sources */ = {isa = PBXBuildFile; fileRef = 57ED6BDE277434A900D0219E /* Bullet.swift */; };
		57ED6BE12774377300D0219E /* Magazine.swift in Sources */ = {isa = PBXBuildFile; fileRef = 57ED6BE02774377300D0219E /* Magazine.swift */; };
		57ED6BE42774583600D0219E /* GameStateMachine.swift in Sources */ = {isa = PBXBuildFile; fileRef = 57ED6BE32774583600D0219E /* GameStateMachine.swift */; };
		57ED6BE62774603300D0219E /* ActionKey.swift in Sources */ = {isa = PBXBuildFile; fileRef = 57ED6BE52774603300D0219E /* ActionKey.swift */; };
		57ED6BE827749AAD00D0219E /* ScoreNumber.swift in Sources */ = {isa = PBXBuildFile; fileRef = 57ED6BE727749AAD00D0219E /* ScoreNumber.swift */; };
		57ED6BEA2774A99000D0219E /* GameManager.swift in Sources */ = {isa = PBXBuildFile; fileRef = 57ED6BE92774A99000D0219E /* GameManager.swift */; };
		57ED6BEF2774AFD700D0219E /* Cheerful Annoyance.wav in Resources */ = {isa = PBXBuildFile; fileRef = 57ED6BEB2774AFD700D0219E /* Cheerful Annoyance.wav */; };
		57ED6BF02774AFD700D0219E /* score.wav in Resources */ = {isa = PBXBuildFile; fileRef = 57ED6BEC2774AFD700D0219E /* score.wav */; };
		57ED6BF12774AFD700D0219E /* hit.wav in Resources */ = {isa = PBXBuildFile; fileRef = 57ED6BED2774AFD700D0219E /* hit.wav */; };
		57ED6BF22774AFD700D0219E /* reload.wav in Resources */ = {isa = PBXBuildFile; fileRef = 57ED6BEE2774AFD700D0219E /* reload.wav */; };
		57ED6BF42774B06000D0219E /* Audio.swift in Sources */ = {isa = PBXBuildFile; fileRef = 57ED6BF32774B06000D0219E /* Audio.swift */; };
		57ED6BF62774B09100D0219E /* Sound.swift in Sources */ = {isa = PBXBuildFile; fileRef = 57ED6BF52774B09100D0219E /* Sound.swift */; };
		57ED6BFB2775D4C000D0219E /* Life.swift in Sources */ = {isa = PBXBuildFile; fileRef = 57ED6BFA2775D4C000D0219E /* Life.swift */; };
		57ED6BFD2775D63D00D0219E /* LifeManager.swift in Sources */ = {isa = PBXBuildFile; fileRef = 57ED6BFC2775D63D00D0219E /* LifeManager.swift */; };
		57ED6BFF2775E0D700D0219E /* Shark.swift in Sources */ = {isa = PBXBuildFile; fileRef = 57ED6BFE2775E0D700D0219E /* Shark.swift */; };
/* End PBXBuildFile section */

/* Begin PBXFileReference section */
		57ED6BB127733A1900D0219E /* myTestGame.app */ = {isa = PBXFileReference; explicitFileType = wrapper.application; includeInIndex = 0; path = myTestGame.app; sourceTree = BUILT_PRODUCTS_DIR; };
		57ED6BB427733A1900D0219E /* AppDelegate.swift */ = {isa = PBXFileReference; lastKnownFileType = sourcecode.swift; path = AppDelegate.swift; sourceTree = "<group>"; };
		57ED6BBC27733A1900D0219E /* GameViewController.swift */ = {isa = PBXFileReference; lastKnownFileType = sourcecode.swift; path = GameViewController.swift; sourceTree = "<group>"; };
		57ED6BBF27733A1900D0219E /* Base */ = {isa = PBXFileReference; lastKnownFileType = file.storyboard; name = Base; path = Base.lproj/Main.storyboard; sourceTree = "<group>"; };
		57ED6BC127733A1A00D0219E /* Assets.xcassets */ = {isa = PBXFileReference; lastKnownFileType = folder.assetcatalog; path = Assets.xcassets; sourceTree = "<group>"; };
		57ED6BC427733A1A00D0219E /* Base */ = {isa = PBXFileReference; lastKnownFileType = file.storyboard; name = Base; path = Base.lproj/LaunchScreen.storyboard; sourceTree = "<group>"; };
		57ED6BCB27733B8F00D0219E /* StageScene.sks */ = {isa = PBXFileReference; lastKnownFileType = file.sks; path = StageScene.sks; sourceTree = "<group>"; };
		57ED6BCD2773408700D0219E /* StageScene.swift */ = {isa = PBXFileReference; lastKnownFileType = sourcecode.swift; path = StageScene.swift; sourceTree = "<group>"; };
		57ED6BCF2773422300D0219E /* MyScene.sks */ = {isa = PBXFileReference; lastKnownFileType = file.sks; path = MyScene.sks; sourceTree = "<group>"; };
		57ED6BD1277344DA00D0219E /* Duck.swift */ = {isa = PBXFileReference; lastKnownFileType = sourcecode.swift; path = Duck.swift; sourceTree = "<group>"; };
		57ED6BD3277368D800D0219E /* Target.swift */ = {isa = PBXFileReference; lastKnownFileType = sourcecode.swift; path = Target.swift; sourceTree = "<group>"; };
		57ED6BD52774131300D0219E /* FireButton.swift */ = {isa = PBXFileReference; lastKnownFileType = sourcecode.swift; path = FireButton.swift; sourceTree = "<group>"; };
		57ED6BD7277413C200D0219E /* Texture.swift */ = {isa = PBXFileReference; lastKnownFileType = sourcecode.swift; path = Texture.swift; sourceTree = "<group>"; };
		57ED6BDE277434A900D0219E /* Bullet.swift */ = {isa = PBXFileReference; lastKnownFileType = sourcecode.swift; path = Bullet.swift; sourceTree = "<group>"; };
		57ED6BE02774377300D0219E /* Magazine.swift */ = {isa = PBXFileReference; lastKnownFileType = sourcecode.swift; path = Magazine.swift; sourceTree = "<group>"; };
		57ED6BE32774583600D0219E /* GameStateMachine.swift */ = {isa = PBXFileReference; lastKnownFileType = sourcecode.swift; path = GameStateMachine.swift; sourceTree = "<group>"; };
		57ED6BE52774603300D0219E /* ActionKey.swift */ = {isa = PBXFileReference; lastKnownFileType = sourcecode.swift; path = ActionKey.swift; sourceTree = "<group>"; };
		57ED6BE727749AAD00D0219E /* ScoreNumber.swift */ = {isa = PBXFileReference; lastKnownFileType = sourcecode.swift; path = ScoreNumber.swift; sourceTree = "<group>"; };
		57ED6BE92774A99000D0219E /* GameManager.swift */ = {isa = PBXFileReference; lastKnownFileType = sourcecode.swift; path = GameManager.swift; sourceTree = "<group>"; };
		57ED6BEB2774AFD700D0219E /* Cheerful Annoyance.wav */ = {isa = PBXFileReference; lastKnownFileType = audio.wav; path = "Cheerful Annoyance.wav"; sourceTree = "<group>"; };
		57ED6BEC2774AFD700D0219E /* score.wav */ = {isa = PBXFileReference; lastKnownFileType = audio.wav; path = score.wav; sourceTree = "<group>"; };
		57ED6BED2774AFD700D0219E /* hit.wav */ = {isa = PBXFileReference; lastKnownFileType = audio.wav; path = hit.wav; sourceTree = "<group>"; };
		57ED6BEE2774AFD700D0219E /* reload.wav */ = {isa = PBXFileReference; lastKnownFileType = audio.wav; path = reload.wav; sourceTree = "<group>"; };
		57ED6BF32774B06000D0219E /* Audio.swift */ = {isa = PBXFileReference; fileEncoding = 4; lastKnownFileType = sourcecode.swift; path = Audio.swift; sourceTree = "<group>"; };
		57ED6BF52774B09100D0219E /* Sound.swift */ = {isa = PBXFileReference; lastKnownFileType = sourcecode.swift; path = Sound.swift; sourceTree = "<group>"; };
		57ED6BFA2775D4C000D0219E /* Life.swift */ = {isa = PBXFileReference; lastKnownFileType = sourcecode.swift; path = Life.swift; sourceTree = "<group>"; };
		57ED6BFC2775D63D00D0219E /* LifeManager.swift */ = {isa = PBXFileReference; lastKnownFileType = sourcecode.swift; path = LifeManager.swift; sourceTree = "<group>"; };
		57ED6BFE2775E0D700D0219E /* Shark.swift */ = {isa = PBXFileReference; lastKnownFileType = sourcecode.swift; path = Shark.swift; sourceTree = "<group>"; };
/* End PBXFileReference section */

/* Begin PBXFrameworksBuildPhase section */
		57ED6BAE27733A1900D0219E /* Frameworks */ = {
			isa = PBXFrameworksBuildPhase;
			buildActionMask = 2147483647;
			files = (
			);
			runOnlyForDeploymentPostprocessing = 0;
		};
/* End PBXFrameworksBuildPhase section */

/* Begin PBXGroup section */
		57ED6BA827733A1900D0219E = {
			isa = PBXGroup;
			children = (
				57ED6BB327733A1900D0219E /* myTestGame */,
				57ED6BB227733A1900D0219E /* Products */,
			);
			sourceTree = "<group>";
		};
		57ED6BB227733A1900D0219E /* Products */ = {
			isa = PBXGroup;
			children = (
				57ED6BB127733A1900D0219E /* myTestGame.app */,
			);
			name = Products;
			sourceTree = "<group>";
		};
		57ED6BB327733A1900D0219E /* myTestGame */ = {
			isa = PBXGroup;
			children = (
				57ED6BD9277433DA00D0219E /* Scene */,
				57ED6BDA277433F500D0219E /* Node */,
				57ED6BE22774580C00D0219E /* Logic */,
				57ED6BDB2774340300D0219E /* Controller */,
				57ED6BF72774B18D00D0219E /* Util */,
				57ED6BDC2774342400D0219E /* Support */,
			);
			path = myTestGame;
			sourceTree = "<group>";
		};
		57ED6BD9277433DA00D0219E /* Scene */ = {
			isa = PBXGroup;
			children = (
				57ED6BCD2773408700D0219E /* StageScene.swift */,
				57ED6BCB27733B8F00D0219E /* StageScene.sks */,
				57ED6BCF2773422300D0219E /* MyScene.sks */,
			);
			path = Scene;
			sourceTree = "<group>";
		};
		57ED6BDA277433F500D0219E /* Node */ = {
			isa = PBXGroup;
			children = (
				57ED6BF92775D4AD00D0219E /* Life */,
				57ED6BDD2774347A00D0219E /* Magazine */,
				57ED6BD1277344DA00D0219E /* Duck.swift */,
				57ED6BD52774131300D0219E /* FireButton.swift */,
				57ED6BD3277368D800D0219E /* Target.swift */,
				57ED6BFE2775E0D700D0219E /* Shark.swift */,
			);
			path = Node;
			sourceTree = "<group>";
		};
		57ED6BDB2774340300D0219E /* Controller */ = {
			isa = PBXGroup;
			children = (
				57ED6BBC27733A1900D0219E /* GameViewController.swift */,
			);
			path = Controller;
			sourceTree = "<group>";
		};
		57ED6BDC2774342400D0219E /* Support */ = {
			isa = PBXGroup;
			children = (
				57ED6BB427733A1900D0219E /* AppDelegate.swift */,
				57ED6BD7277413C200D0219E /* Texture.swift */,
				57ED6BF52774B09100D0219E /* Sound.swift */,
				57ED6BBE27733A1900D0219E /* Main.storyboard */,
				57ED6BC127733A1A00D0219E /* Assets.xcassets */,
				57ED6BC327733A1A00D0219E /* LaunchScreen.storyboard */,
				57ED6BE52774603300D0219E /* ActionKey.swift */,
				57ED6BE727749AAD00D0219E /* ScoreNumber.swift */,
				57ED6BEB2774AFD700D0219E /* Cheerful Annoyance.wav */,
				57ED6BED2774AFD700D0219E /* hit.wav */,
				57ED6BEE2774AFD700D0219E /* reload.wav */,
				57ED6BEC2774AFD700D0219E /* score.wav */,
			);
			path = Support;
			sourceTree = "<group>";
		};
		57ED6BDD2774347A00D0219E /* Magazine */ = {
			isa = PBXGroup;
			children = (
				57ED6BDE277434A900D0219E /* Bullet.swift */,
				57ED6BE02774377300D0219E /* Magazine.swift */,
			);
			path = Magazine;
			sourceTree = "<group>";
		};
		57ED6BE22774580C00D0219E /* Logic */ = {
			isa = PBXGroup;
			children = (
				57ED6BE32774583600D0219E /* GameStateMachine.swift */,
				57ED6BE92774A99000D0219E /* GameManager.swift */,
			);
			path = Logic;
			sourceTree = "<group>";
		};
		57ED6BF72774B18D00D0219E /* Util */ = {
			isa = PBXGroup;
			children = (
				57ED6BF32774B06000D0219E /* Audio.swift */,
			);
			path = Util;
			sourceTree = "<group>";
		};
		57ED6BF92775D4AD00D0219E /* Life */ = {
			isa = PBXGroup;
			children = (
				57ED6BFA2775D4C000D0219E /* Life.swift */,
				57ED6BFC2775D63D00D0219E /* LifeManager.swift */,
			);
			path = Life;
			sourceTree = "<group>";
		};
/* End PBXGroup section */

/* Begin PBXNativeTarget section */
		57ED6BB027733A1900D0219E /* myTestGame */ = {
			isa = PBXNativeTarget;
			buildConfigurationList = 57ED6BC827733A1A00D0219E /* Build configuration list for PBXNativeTarget "myTestGame" */;
			buildPhases = (
				57ED6BAD27733A1900D0219E /* Sources */,
				57ED6BAE27733A1900D0219E /* Frameworks */,
				57ED6BAF27733A1900D0219E /* Resources */,
			);
			buildRules = (
			);
			dependencies = (
			);
			name = myTestGame;
			productName = myTestGame;
			productReference = 57ED6BB127733A1900D0219E /* myTestGame.app */;
			productType = "com.apple.product-type.application";
		};
/* End PBXNativeTarget section */

/* Begin PBXProject section */
		57ED6BA927733A1900D0219E /* Project object */ = {
			isa = PBXProject;
			attributes = {
				BuildIndependentTargetsInParallel = 1;
				LastSwiftUpdateCheck = 1300;
				LastUpgradeCheck = 1300;
				TargetAttributes = {
					57ED6BB027733A1900D0219E = {
						CreatedOnToolsVersion = 13.0;
					};
				};
			};
			buildConfigurationList = 57ED6BAC27733A1900D0219E /* Build configuration list for PBXProject "myTestGame" */;
			compatibilityVersion = "Xcode 13.0";
			developmentRegion = en;
			hasScannedForEncodings = 0;
			knownRegions = (
				en,
				Base,
			);
			mainGroup = 57ED6BA827733A1900D0219E;
			productRefGroup = 57ED6BB227733A1900D0219E /* Products */;
			projectDirPath = "";
			projectRoot = "";
			targets = (
				57ED6BB027733A1900D0219E /* myTestGame */,
			);
		};
/* End PBXProject section */

/* Begin PBXResourcesBuildPhase section */
		57ED6BAF27733A1900D0219E /* Resources */ = {
			isa = PBXResourcesBuildPhase;
			buildActionMask = 2147483647;
			files = (
				57ED6BF12774AFD700D0219E /* hit.wav in Resources */,
				57ED6BC027733A1900D0219E /* Main.storyboard in Resources */,
				57ED6BF22774AFD700D0219E /* reload.wav in Resources */,
				57ED6BC227733A1A00D0219E /* Assets.xcassets in Resources */,
				57ED6BF02774AFD700D0219E /* score.wav in Resources */,
				57ED6BD02773422300D0219E /* MyScene.sks in Resources */,
				57ED6BC527733A1A00D0219E /* LaunchScreen.storyboard in Resources */,
				57ED6BEF2774AFD700D0219E /* Cheerful Annoyance.wav in Resources */,
				57ED6BCC27733B8F00D0219E /* StageScene.sks in Resources */,
			);
			runOnlyForDeploymentPostprocessing = 0;
		};
/* End PBXResourcesBuildPhase section */

/* Begin PBXSourcesBuildPhase section */
		57ED6BAD27733A1900D0219E /* Sources */ = {
			isa = PBXSourcesBuildPhase;
			buildActionMask = 2147483647;
			files = (
				57ED6BD2277344DA00D0219E /* Duck.swift in Sources */,
				57ED6BE42774583600D0219E /* GameStateMachine.swift in Sources */,
				57ED6BBD27733A1900D0219E /* GameViewController.swift in Sources */,
				57ED6BB527733A1900D0219E /* AppDelegate.swift in Sources */,
				57ED6BD62774131300D0219E /* FireButton.swift in Sources */,
				57ED6BFB2775D4C000D0219E /* Life.swift in Sources */,
				57ED6BE827749AAD00D0219E /* ScoreNumber.swift in Sources */,
				57ED6BF42774B06000D0219E /* Audio.swift in Sources */,
				57ED6BCE2773408700D0219E /* StageScene.swift in Sources */,
				57ED6BD8277413C200D0219E /* Texture.swift in Sources */,
				57ED6BE62774603300D0219E /* ActionKey.swift in Sources */,
				57ED6BF62774B09100D0219E /* Sound.swift in Sources */,
				57ED6BE12774377300D0219E /* Magazine.swift in Sources */,
				57ED6BFF2775E0D700D0219E /* Shark.swift in Sources */,
				57ED6BD4277368D800D0219E /* Target.swift in Sources */,
				57ED6BDF277434A900D0219E /* Bullet.swift in Sources */,
				57ED6BFD2775D63D00D0219E /* LifeManager.swift in Sources */,
				57ED6BEA2774A99000D0219E /* GameManager.swift in Sources */,
			);
			runOnlyForDeploymentPostprocessing = 0;
		};
/* End PBXSourcesBuildPhase section */

/* Begin PBXVariantGroup section */
		57ED6BBE27733A1900D0219E /* Main.storyboard */ = {
			isa = PBXVariantGroup;
			children = (
				57ED6BBF27733A1900D0219E /* Base */,
			);
			name = Main.storyboard;
			sourceTree = "<group>";
		};
		57ED6BC327733A1A00D0219E /* LaunchScreen.storyboard */ = {
			isa = PBXVariantGroup;
			children = (
				57ED6BC427733A1A00D0219E /* Base */,
			);
			name = LaunchScreen.storyboard;
			sourceTree = "<group>";
		};
/* End PBXVariantGroup section */

/* Begin XCBuildConfiguration section */
		57ED6BC627733A1A00D0219E /* Debug */ = {
			isa = XCBuildConfiguration;
			buildSettings = {
				ALWAYS_SEARCH_USER_PATHS = NO;
				CLANG_ANALYZER_NONNULL = YES;
				CLANG_ANALYZER_NUMBER_OBJECT_CONVERSION = YES_AGGRESSIVE;
				CLANG_CXX_LANGUAGE_STANDARD = "gnu++17";
				CLANG_CXX_LIBRARY = "libc++";
				CLANG_ENABLE_MODULES = YES;
				CLANG_ENABLE_OBJC_ARC = YES;
				CLANG_ENABLE_OBJC_WEAK = YES;
				CLANG_WARN_BLOCK_CAPTURE_AUTORELEASING = YES;
				CLANG_WARN_BOOL_CONVERSION = YES;
				CLANG_WARN_COMMA = YES;
				CLANG_WARN_CONSTANT_CONVERSION = YES;
				CLANG_WARN_DEPRECATED_OBJC_IMPLEMENTATIONS = YES;
				CLANG_WARN_DIRECT_OBJC_ISA_USAGE = YES_ERROR;
				CLANG_WARN_DOCUMENTATION_COMMENTS = YES;
				CLANG_WARN_EMPTY_BODY = YES;
				CLANG_WARN_ENUM_CONVERSION = YES;
				CLANG_WARN_INFINITE_RECURSION = YES;
				CLANG_WARN_INT_CONVERSION = YES;
				CLANG_WARN_NON_LITERAL_NULL_CONVERSION = YES;
				CLANG_WARN_OBJC_IMPLICIT_RETAIN_SELF = YES;
				CLANG_WARN_OBJC_LITERAL_CONVERSION = YES;
				CLANG_WARN_OBJC_ROOT_CLASS = YES_ERROR;
				CLANG_WARN_QUOTED_INCLUDE_IN_FRAMEWORK_HEADER = YES;
				CLANG_WARN_RANGE_LOOP_ANALYSIS = YES;
				CLANG_WARN_STRICT_PROTOTYPES = YES;
				CLANG_WARN_SUSPICIOUS_MOVE = YES;
				CLANG_WARN_UNGUARDED_AVAILABILITY = YES_AGGRESSIVE;
				CLANG_WARN_UNREACHABLE_CODE = YES;
				CLANG_WARN__DUPLICATE_METHOD_MATCH = YES;
				COPY_PHASE_STRIP = NO;
				DEBUG_INFORMATION_FORMAT = dwarf;
				ENABLE_STRICT_OBJC_MSGSEND = YES;
				ENABLE_TESTABILITY = YES;
				GCC_C_LANGUAGE_STANDARD = gnu11;
				GCC_DYNAMIC_NO_PIC = NO;
				GCC_NO_COMMON_BLOCKS = YES;
				GCC_OPTIMIZATION_LEVEL = 0;
				GCC_PREPROCESSOR_DEFINITIONS = (
					"DEBUG=1",
					"$(inherited)",
				);
				GCC_WARN_64_TO_32_BIT_CONVERSION = YES;
				GCC_WARN_ABOUT_RETURN_TYPE = YES_ERROR;
				GCC_WARN_UNDECLARED_SELECTOR = YES;
				GCC_WARN_UNINITIALIZED_AUTOS = YES_AGGRESSIVE;
				GCC_WARN_UNUSED_FUNCTION = YES;
				GCC_WARN_UNUSED_VARIABLE = YES;
				IPHONEOS_DEPLOYMENT_TARGET = 15.0;
				MTL_ENABLE_DEBUG_INFO = INCLUDE_SOURCE;
				MTL_FAST_MATH = YES;
				ONLY_ACTIVE_ARCH = YES;
				SDKROOT = iphoneos;
				SWIFT_ACTIVE_COMPILATION_CONDITIONS = DEBUG;
				SWIFT_OPTIMIZATION_LEVEL = "-Onone";
			};
			name = Debug;
		};
		57ED6BC727733A1A00D0219E /* Release */ = {
			isa = XCBuildConfiguration;
			buildSettings = {
				ALWAYS_SEARCH_USER_PATHS = NO;
				CLANG_ANALYZER_NONNULL = YES;
				CLANG_ANALYZER_NUMBER_OBJECT_CONVERSION = YES_AGGRESSIVE;
				CLANG_CXX_LANGUAGE_STANDARD = "gnu++17";
				CLANG_CXX_LIBRARY = "libc++";
				CLANG_ENABLE_MODULES = YES;
				CLANG_ENABLE_OBJC_ARC = YES;
				CLANG_ENABLE_OBJC_WEAK = YES;
				CLANG_WARN_BLOCK_CAPTURE_AUTORELEASING = YES;
				CLANG_WARN_BOOL_CONVERSION = YES;
				CLANG_WARN_COMMA = YES;
				CLANG_WARN_CONSTANT_CONVERSION = YES;
				CLANG_WARN_DEPRECATED_OBJC_IMPLEMENTATIONS = YES;
				CLANG_WARN_DIRECT_OBJC_ISA_USAGE = YES_ERROR;
				CLANG_WARN_DOCUMENTATION_COMMENTS = YES;
				CLANG_WARN_EMPTY_BODY = YES;
				CLANG_WARN_ENUM_CONVERSION = YES;
				CLANG_WARN_INFINITE_RECURSION = YES;
				CLANG_WARN_INT_CONVERSION = YES;
				CLANG_WARN_NON_LITERAL_NULL_CONVERSION = YES;
				CLANG_WARN_OBJC_IMPLICIT_RETAIN_SELF = YES;
				CLANG_WARN_OBJC_LITERAL_CONVERSION = YES;
				CLANG_WARN_OBJC_ROOT_CLASS = YES_ERROR;
				CLANG_WARN_QUOTED_INCLUDE_IN_FRAMEWORK_HEADER = YES;
				CLANG_WARN_RANGE_LOOP_ANALYSIS = YES;
				CLANG_WARN_STRICT_PROTOTYPES = YES;
				CLANG_WARN_SUSPICIOUS_MOVE = YES;
				CLANG_WARN_UNGUARDED_AVAILABILITY = YES_AGGRESSIVE;
				CLANG_WARN_UNREACHABLE_CODE = YES;
				CLANG_WARN__DUPLICATE_METHOD_MATCH = YES;
				COPY_PHASE_STRIP = NO;
				DEBUG_INFORMATION_FORMAT = "dwarf-with-dsym";
				ENABLE_NS_ASSERTIONS = NO;
				ENABLE_STRICT_OBJC_MSGSEND = YES;
				GCC_C_LANGUAGE_STANDARD = gnu11;
				GCC_NO_COMMON_BLOCKS = YES;
				GCC_WARN_64_TO_32_BIT_CONVERSION = YES;
				GCC_WARN_ABOUT_RETURN_TYPE = YES_ERROR;
				GCC_WARN_UNDECLARED_SELECTOR = YES;
				GCC_WARN_UNINITIALIZED_AUTOS = YES_AGGRESSIVE;
				GCC_WARN_UNUSED_FUNCTION = YES;
				GCC_WARN_UNUSED_VARIABLE = YES;
				IPHONEOS_DEPLOYMENT_TARGET = 15.0;
				MTL_ENABLE_DEBUG_INFO = NO;
				MTL_FAST_MATH = YES;
				SDKROOT = iphoneos;
				SWIFT_COMPILATION_MODE = wholemodule;
				SWIFT_OPTIMIZATION_LEVEL = "-O";
				VALIDATE_PRODUCT = YES;
			};
			name = Release;
		};
		57ED6BC927733A1A00D0219E /* Debug */ = {
			isa = XCBuildConfiguration;
			buildSettings = {
				ASSETCATALOG_COMPILER_APPICON_NAME = AppIcon;
				ASSETCATALOG_COMPILER_GLOBAL_ACCENT_COLOR_NAME = AccentColor;
				CODE_SIGN_STYLE = Automatic;
				CURRENT_PROJECT_VERSION = 1;
				DEVELOPMENT_TEAM = 398M373WMZ;
				GENERATE_INFOPLIST_FILE = YES;
				INFOPLIST_KEY_UIApplicationSupportsIndirectInputEvents = YES;
				INFOPLIST_KEY_UILaunchStoryboardName = LaunchScreen;
				INFOPLIST_KEY_UIMainStoryboardFile = Main;
				INFOPLIST_KEY_UIStatusBarHidden = YES;
				INFOPLIST_KEY_UISupportedInterfaceOrientations = "UIInterfaceOrientationLandscapeLeft UIInterfaceOrientationLandscapeRight";
				INFOPLIST_KEY_UISupportedInterfaceOrientations_iPad = "UIInterfaceOrientationPortrait UIInterfaceOrientationPortraitUpsideDown UIInterfaceOrientationLandscapeLeft UIInterfaceOrientationLandscapeRight";
				INFOPLIST_KEY_UISupportedInterfaceOrientations_iPhone = "UIInterfaceOrientationPortrait UIInterfaceOrientationLandscapeLeft UIInterfaceOrientationLandscapeRight";
				LD_RUNPATH_SEARCH_PATHS = (
					"$(inherited)",
					"@executable_path/Frameworks",
				);
				MARKETING_VERSION = 1.0;
				PRODUCT_BUNDLE_IDENTIFIER = drt.myTestGame;
				PRODUCT_NAME = "$(TARGET_NAME)";
				SWIFT_EMIT_LOC_STRINGS = YES;
				SWIFT_VERSION = 5.0;
				TARGETED_DEVICE_FAMILY = "1,2";
			};
			name = Debug;
		};
		57ED6BCA27733A1A00D0219E /* Release */ = {
			isa = XCBuildConfiguration;
			buildSettings = {
				ASSETCATALOG_COMPILER_APPICON_NAME = AppIcon;
				ASSETCATALOG_COMPILER_GLOBAL_ACCENT_COLOR_NAME = AccentColor;
				CODE_SIGN_STYLE = Automatic;
				CURRENT_PROJECT_VERSION = 1;
				DEVELOPMENT_TEAM = 398M373WMZ;
				GENERATE_INFOPLIST_FILE = YES;
				INFOPLIST_KEY_UIApplicationSupportsIndirectInputEvents = YES;
				INFOPLIST_KEY_UILaunchStoryboardName = LaunchScreen;
				INFOPLIST_KEY_UIMainStoryboardFile = Main;
				INFOPLIST_KEY_UIStatusBarHidden = YES;
				INFOPLIST_KEY_UISupportedInterfaceOrientations = "UIInterfaceOrientationLandscapeLeft UIInterfaceOrientationLandscapeRight";
				INFOPLIST_KEY_UISupportedInterfaceOrientations_iPad = "UIInterfaceOrientationPortrait UIInterfaceOrientationPortraitUpsideDown UIInterfaceOrientationLandscapeLeft UIInterfaceOrientationLandscapeRight";
				INFOPLIST_KEY_UISupportedInterfaceOrientations_iPhone = "UIInterfaceOrientationPortrait UIInterfaceOrientationLandscapeLeft UIInterfaceOrientationLandscapeRight";
				LD_RUNPATH_SEARCH_PATHS = (
					"$(inherited)",
					"@executable_path/Frameworks",
				);
				MARKETING_VERSION = 1.0;
				PRODUCT_BUNDLE_IDENTIFIER = drt.myTestGame;
				PRODUCT_NAME = "$(TARGET_NAME)";
				SWIFT_EMIT_LOC_STRINGS = YES;
				SWIFT_VERSION = 5.0;
				TARGETED_DEVICE_FAMILY = "1,2";
			};
			name = Release;
		};
/* End XCBuildConfiguration section */

/* Begin XCConfigurationList section */
		57ED6BAC27733A1900D0219E /* Build configuration list for PBXProject "myTestGame" */ = {
			isa = XCConfigurationList;
			buildConfigurations = (
				57ED6BC627733A1A00D0219E /* Debug */,
				57ED6BC727733A1A00D0219E /* Release */,
			);
			defaultConfigurationIsVisible = 0;
			defaultConfigurationName = Release;
		};
		57ED6BC827733A1A00D0219E /* Build configuration list for PBXNativeTarget "myTestGame" */ = {
			isa = XCConfigurationList;
			buildConfigurations = (
				57ED6BC927733A1A00D0219E /* Debug */,
				57ED6BCA27733A1A00D0219E /* Release */,
			);
			defaultConfigurationIsVisible = 0;
			defaultConfigurationName = Release;
		};
/* End XCConfigurationList section */
	};
	rootObject = 57ED6BA927733A1900D0219E /* Project object */;
}
